PODS:
  - PredicateEditor (0.1.0):
    - SeedStackViewController (~> 0.2)
    - SnapKit (~> 0.21)
    - Timepiece (~> 0.4)
  - SeedStackViewController (0.2.1)
  - SnapKit (0.21.1)
  - Timepiece (0.4.3)

DEPENDENCIES:
  - PredicateEditor (from `../`)

EXTERNAL SOURCES:
  PredicateEditor:
    :path: "../"

SPEC CHECKSUMS:
  PredicateEditor: 36c394b4a3c5dd9168131f8d8bf4f4627162d776
  SeedStackViewController: aece175e207147f58b2ca9c502ab2bd26eb00952
  SnapKit: bbad04cb016c7cead63965f16b00c09318d271ee
  Timepiece: b5038887b91d6eb70653173f4270e06b3abeac41

PODFILE CHECKSUM: 497240e87c1b562f70d58ab4ea4a96607eff5fc2

COCOAPODS: 1.0.1
